
Microsoft Visual Studio Solution File, Format Version 12.00
# Visual Studio 15
VisualStudioVersion = 15.0.27004.2005
MinimumVisualStudioVersion = 10.0.40219.1
Project("{FAE04EC0-301F-11D3-BF4B-00C04F79EFBC}") = "RuntimeProxy", "RuntimeProxy\RuntimeProxy.csproj", "{1228F580-C445-4DD5-B53A-289BA7A2E1C5}"
EndProject
Global
	GlobalSection(SolutionConfigurationPlatforms) = preSolution
		Debug|Any CPU = Debug|Any CPU
		Release|Any CPU = Release|Any CPU
	EndGlobalSection
	GlobalSection(ProjectConfigurationPlatforms) = postSolution
		{1228F580-C445-4DD5-B53A-289BA7A2E1C5}.Debug|Any CPU.ActiveCfg = Debug|Any CPU
		{1228F580-C445-4DD5-B53A-289BA7A2E1C5}.Debug|Any CPU.Build.0 = Debug|Any CPU
		{1228F580-C445-4DD5-B53A-289BA7A2E1C5}.Release|Any CPU.ActiveCfg = Release|Any CPU
		{1228F580-C445-4DD5-B53A-289BA7A2E1C5}.Release|Any CPU.Build.0 = Release|Any CPU
	EndGlobalSection
	GlobalSection(SolutionProperties) = preSolution
		HideSolutionNode = FALSE
	EndGlobalSection
	GlobalSection(ExtensibilityGlobals) = postSolution
		SolutionGuid = {18DFB685-AA51-4EB0-83F2-6F2197ACDFAC}
	EndGlobalSection
EndGlobal
