
Microsoft Visual Studio Solution File, Format Version 12.00
# Visual Studio 15
VisualStudioVersion = 15.0.26430.14
MinimumVisualStudioVersion = 10.0.40219.1
Project("{9A19103F-16F7-4668-BE54-9A1E7A4F7556}") = "Client", "Client\Client.csproj", "{659A8EFE-052D-4A38-B7FF-4657BA302900}"
EndProject
Project("{9A19103F-16F7-4668-BE54-9A1E7A4F7556}") = "ClientConsole", "ClientConsole\ClientConsole.csproj", "{EF1EFDC2-BAAA-4D09-886C-4F51E2597E6C}"
EndProject
Project("{FAE04EC0-301F-11D3-BF4B-00C04F79EFBC}") = "Client2", "Client2\Client2.csproj", "{403B252F-7D35-4315-9735-1349EC2F6CD4}"
EndProject
Global
	GlobalSection(SolutionConfigurationPlatforms) = preSolution
		Debug|Any CPU = Debug|Any CPU
		Release|Any CPU = Release|Any CPU
	EndGlobalSection
	GlobalSection(ProjectConfigurationPlatforms) = postSolution
		{659A8EFE-052D-4A38-B7FF-4657BA302900}.Debug|Any CPU.ActiveCfg = Debug|Any CPU
		{659A8EFE-052D-4A38-B7FF-4657BA302900}.Debug|Any CPU.Build.0 = Debug|Any CPU
		{659A8EFE-052D-4A38-B7FF-4657BA302900}.Release|Any CPU.ActiveCfg = Release|Any CPU
		{659A8EFE-052D-4A38-B7FF-4657BA302900}.Release|Any CPU.Build.0 = Release|Any CPU
		{EF1EFDC2-BAAA-4D09-886C-4F51E2597E6C}.Debug|Any CPU.ActiveCfg = Debug|Any CPU
		{EF1EFDC2-BAAA-4D09-886C-4F51E2597E6C}.Debug|Any CPU.Build.0 = Debug|Any CPU
		{EF1EFDC2-BAAA-4D09-886C-4F51E2597E6C}.Release|Any CPU.ActiveCfg = Release|Any CPU
		{EF1EFDC2-BAAA-4D09-886C-4F51E2597E6C}.Release|Any CPU.Build.0 = Release|Any CPU
		{403B252F-7D35-4315-9735-1349EC2F6CD4}.Debug|Any CPU.ActiveCfg = Debug|Any CPU
		{403B252F-7D35-4315-9735-1349EC2F6CD4}.Debug|Any CPU.Build.0 = Debug|Any CPU
		{403B252F-7D35-4315-9735-1349EC2F6CD4}.Release|Any CPU.ActiveCfg = Release|Any CPU
		{403B252F-7D35-4315-9735-1349EC2F6CD4}.Release|Any CPU.Build.0 = Release|Any CPU
	EndGlobalSection
	GlobalSection(SolutionProperties) = preSolution
		HideSolutionNode = FALSE
	EndGlobalSection
EndGlobal
